
Microsoft Visual Studio Solution File, Format Version 12.00
# Visual Studio Version 17
VisualStudioVersion = 17.0.31912.275
MinimumVisualStudioVersion = 10.0.40219.1
Project("{9A19103F-16F7-4668-BE54-9A1E7A4F7556}") = "FacilityMonitoring.Infrastructure", "FacilityMonitoring.Infrastructure\FacilityMonitoring.Infrastructure.csproj", "{CDC5581F-BE93-4907-A2A8-11F9CF6B3407}"
EndProject
Project("{9A19103F-16F7-4668-BE54-9A1E7A4F7556}") = "FacilityMonitoring.ConsoleTesting", "FacilityMonitoring.ConsoleTesting\FacilityMonitoring.ConsoleTesting.csproj", "{44C76C89-26B8-4FAE-93CC-9F2F6C530DDF}"
EndProject
Project("{2150E333-8FDC-42A3-9474-1A3956D46DE8}") = "Solution Items", "Solution Items", "{C22E848C-6A07-4566-845D-298A4DE9B767}"
	ProjectSection(SolutionItems) = preProject
		Assembiles\Microsoft.Exchange.WebServices.NETStandard.deps.json = Assembiles\Microsoft.Exchange.WebServices.NETStandard.deps.json
		Assembiles\Microsoft.Exchange.WebServices.NETStandard.dll = Assembiles\Microsoft.Exchange.WebServices.NETStandard.dll
		Assembiles\Microsoft.Exchange.WebServices.NETStandard.pdb = Assembiles\Microsoft.Exchange.WebServices.NETStandard.pdb
		Assembiles\NModbus4.deps.json = Assembiles\NModbus4.deps.json
		Assembiles\NModbus4.dll = Assembiles\NModbus4.dll
		Assembiles\NModbus4.pdb = Assembiles\NModbus4.pdb
	EndProjectSection
EndProject
Project("{9A19103F-16F7-4668-BE54-9A1E7A4F7556}") = "FacilityMonitoring.DataService", "FacilityMonitoring.DataService\FacilityMonitoring.DataService.csproj", "{C9B7AC56-1C11-4836-9D2F-19FCB09FD77A}"
EndProject
Project("{9A19103F-16F7-4668-BE54-9A1E7A4F7556}") = "FacilityMonitoring.DataLoggingService", "FacilityMonitoring.DataLoggingService\FacilityMonitoring.DataLoggingService.csproj", "{001CD3EE-3EEC-424E-A4F1-D28E047C11ED}"
EndProject
Global
	GlobalSection(SolutionConfigurationPlatforms) = preSolution
		Debug|Any CPU = Debug|Any CPU
		Release|Any CPU = Release|Any CPU
	EndGlobalSection
	GlobalSection(ProjectConfigurationPlatforms) = postSolution
		{CDC5581F-BE93-4907-A2A8-11F9CF6B3407}.Debug|Any CPU.ActiveCfg = Debug|Any CPU
		{CDC5581F-BE93-4907-A2A8-11F9CF6B3407}.Debug|Any CPU.Build.0 = Debug|Any CPU
		{CDC5581F-BE93-4907-A2A8-11F9CF6B3407}.Release|Any CPU.ActiveCfg = Release|Any CPU
		{CDC5581F-BE93-4907-A2A8-11F9CF6B3407}.Release|Any CPU.Build.0 = Release|Any CPU
		{44C76C89-26B8-4FAE-93CC-9F2F6C530DDF}.Debug|Any CPU.ActiveCfg = Debug|Any CPU
		{44C76C89-26B8-4FAE-93CC-9F2F6C530DDF}.Debug|Any CPU.Build.0 = Debug|Any CPU
		{44C76C89-26B8-4FAE-93CC-9F2F6C530DDF}.Release|Any CPU.ActiveCfg = Release|Any CPU
		{44C76C89-26B8-4FAE-93CC-9F2F6C530DDF}.Release|Any CPU.Build.0 = Release|Any CPU
		{C9B7AC56-1C11-4836-9D2F-19FCB09FD77A}.Debug|Any CPU.ActiveCfg = Debug|Any CPU
		{C9B7AC56-1C11-4836-9D2F-19FCB09FD77A}.Debug|Any CPU.Build.0 = Debug|Any CPU
		{C9B7AC56-1C11-4836-9D2F-19FCB09FD77A}.Release|Any CPU.ActiveCfg = Release|Any CPU
		{C9B7AC56-1C11-4836-9D2F-19FCB09FD77A}.Release|Any CPU.Build.0 = Release|Any CPU
		{001CD3EE-3EEC-424E-A4F1-D28E047C11ED}.Debug|Any CPU.ActiveCfg = Debug|Any CPU
		{001CD3EE-3EEC-424E-A4F1-D28E047C11ED}.Debug|Any CPU.Build.0 = Debug|Any CPU
		{001CD3EE-3EEC-424E-A4F1-D28E047C11ED}.Release|Any CPU.ActiveCfg = Release|Any CPU
		{001CD3EE-3EEC-424E-A4F1-D28E047C11ED}.Release|Any CPU.Build.0 = Release|Any CPU
	EndGlobalSection
	GlobalSection(SolutionProperties) = preSolution
		HideSolutionNode = FALSE
	EndGlobalSection
	GlobalSection(ExtensibilityGlobals) = postSolution
		SolutionGuid = {F96290E2-8571-4A0C-B7A5-DC257A6F9959}
	EndGlobalSection
EndGlobal
